
Microsoft Visual Studio Solution File, Format Version 12.00
# Visual Studio 2013
VisualStudioVersion = 12.0.30723.0
MinimumVisualStudioVersion = 10.0.40219.1
Project("{FAE04EC0-301F-11D3-BF4B-00C04F79EFBC}") = "DbSyncService", "DbSyncService\DbSyncService.csproj", "{08CCF77F-BAA4-4EE2-9C9E-57C3EA9470AE}"
EndProject
Global
	GlobalSection(SolutionConfigurationPlatforms) = preSolution
		Debug|Any CPU = Debug|Any CPU
		Release|Any CPU = Release|Any CPU
	EndGlobalSection
	GlobalSection(ProjectConfigurationPlatforms) = postSolution
		{08CCF77F-BAA4-4EE2-9C9E-57C3EA9470AE}.Debug|Any CPU.ActiveCfg = Debug|Any CPU
		{08CCF77F-BAA4-4EE2-9C9E-57C3EA9470AE}.Debug|Any CPU.Build.0 = Debug|Any CPU
		{08CCF77F-BAA4-4EE2-9C9E-57C3EA9470AE}.Release|Any CPU.ActiveCfg = Release|Any CPU
		{08CCF77F-BAA4-4EE2-9C9E-57C3EA9470AE}.Release|Any CPU.Build.0 = Release|Any CPU
	EndGlobalSection
	GlobalSection(SolutionProperties) = preSolution
		HideSolutionNode = FALSE
	EndGlobalSection
EndGlobal
